PODS:
  - FlutterMacOS (1.0.0)
  - local_models_flutter (0.1.0):
    - FlutterMacOS

DEPENDENCIES:
  - FlutterMacOS (from `Flutter/ephemeral`)
  - local_models_flutter (from `Flutter/ephemeral/.symlinks/plugins/local_models_flutter/macos`)

EXTERNAL SOURCES:
  FlutterMacOS:
    :path: Flutter/ephemeral
  local_models_flutter:
    :path: Flutter/ephemeral/.symlinks/plugins/local_models_flutter/macos

SPEC CHECKSUMS:
  FlutterMacOS: d0db08ddef1a9af05a5ec4b724367152bb0500b1
  local_models_flutter: dfc9ccfb65e02fec958d81190086a6508ced197a

PODFILE CHECKSUM: 89c84cf5c2351c1e554c6dea18d31a879fc3a19e

COCOAPODS: 1.16.2
