PODS:
  - FlutterMacOS (1.0.0)
  - local_models_flutter (0.1.0):
    - FlutterMacOS

DEPENDENCIES:
  - FlutterMacOS (from `Flutter/ephemeral`)
  - local_models_flutter (from `Flutter/ephemeral/.symlinks/plugins/local_models_flutter/macos`)

EXTERNAL SOURCES:
  FlutterMacOS:
    :path: Flutter/ephemeral
  local_models_flutter:
    :path: Flutter/ephemeral/.symlinks/plugins/local_models_flutter/macos

SPEC CHECKSUMS:
  FlutterMacOS: d0db08ddef1a9af05a5ec4b724367152bb0500b1
  local_models_flutter: 3a2c7d78352240f9963c727e91b9cf9e11eb4cc4

PODFILE CHECKSUM: d16f5e5d196d1ca9863d7a71d5885cad7ffa7d2d

COCOAPODS: 1.16.2
